
Microsoft Visual Studio Solution File, Format Version 12.00
# Visual Studio Version 17
VisualStudioVersion = 17.5.33627.172
MinimumVisualStudioVersion = 10.0.40219.1
Project("{2150E333-8FDC-42A3-9474-1A3956D46DE8}") = "Services", "Services", "{FE2C46A2-934D-4688-8397-01F1BEE487B6}"
EndProject
Project("{2150E333-8FDC-42A3-9474-1A3956D46DE8}") = "Catalog", "Catalog", "{DDDDC24D-80B4-4F2B-ABA6-DA27452A498E}"
EndProject
Project("{9A19103F-16F7-4668-BE54-9A1E7A4F7556}") = "AkademiPlusMicroservice.Catalog", "Services\Catalog\AkademiPlusMicroservice.Catalog\AkademiPlusMicroservice.Catalog.csproj", "{75232AF7-99D1-48D1-8693-3C7F07853569}"
EndProject
Project("{2150E333-8FDC-42A3-9474-1A3956D46DE8}") = "Shared", "Shared", "{DC522298-01F4-49D6-ACB2-E5FEECA4BF1D}"
EndProject
Project("{9A19103F-16F7-4668-BE54-9A1E7A4F7556}") = "AkademiPlusMicroservice.Shared", "Shared\AkademiPlusMicroservice.Shared\AkademiPlusMicroservice.Shared.csproj", "{A00FDA55-6FA0-4881-9061-57594B305CF3}"
EndProject
Project("{2150E333-8FDC-42A3-9474-1A3956D46DE8}") = "IdentityServer", "IdentityServer", "{EE126274-BF38-43DA-9CEA-6B860E1DB319}"
EndProject
Project("{9A19103F-16F7-4668-BE54-9A1E7A4F7556}") = "AkademiPlus.IdentityServer", "IdentityServer\AkademiPlus.IdentityServer\AkademiPlus.IdentityServer.csproj", "{5607D717-E490-43CD-BB85-23C98207AEE1}"
EndProject
Project("{2150E333-8FDC-42A3-9474-1A3956D46DE8}") = "Discount", "Discount", "{9EEC9059-1AD6-433E-95CC-8699E60BEC4F}"
EndProject
Project("{9A19103F-16F7-4668-BE54-9A1E7A4F7556}") = "AkademiPlusMicroservice.Discount", "Services\Discount\AkademiPlusMicroservice.Discount\AkademiPlusMicroservice.Discount.csproj", "{4F145E7A-E69F-42A6-9BAA-E2880045F3F2}"
EndProject
Project("{2150E333-8FDC-42A3-9474-1A3956D46DE8}") = "Basket", "Basket", "{7EE29D26-62AA-440D-84B1-41E4C93E6F37}"
EndProject
Project("{9A19103F-16F7-4668-BE54-9A1E7A4F7556}") = "AkademiPlusMicroservice.Basket", "Services\Basket\AkademiPlusMicroservice.Basket\AkademiPlusMicroservice.Basket.csproj", "{2D44EFA9-D84B-4AAF-8F59-80253AAA56DD}"
EndProject
Project("{2150E333-8FDC-42A3-9474-1A3956D46DE8}") = "Order", "Order", "{08B2C8F2-BFCD-4030-A503-7CE161E5E480}"
EndProject
Project("{2150E333-8FDC-42A3-9474-1A3956D46DE8}") = "Core", "Core", "{F9E747D0-8B44-4B04-8502-D3497218EEF6}"
EndProject
Project("{2150E333-8FDC-42A3-9474-1A3956D46DE8}") = "Presentation", "Presentation", "{58F37155-3314-4F15-BAAD-88B4F93024F4}"
EndProject
Project("{2150E333-8FDC-42A3-9474-1A3956D46DE8}") = "Infrastructure", "Infrastructure", "{77C842DD-9F17-49A4-9574-18ACEB010DB1}"
EndProject
Project("{9A19103F-16F7-4668-BE54-9A1E7A4F7556}") = "Services.Order.Core.Application", "Services\Order\Core\AkademiPlusMicroservice.Services.Order.Core.Application\Services.Order.Core.Application.csproj", "{FC69BC7D-E00A-46B2-BABC-7BFB398B26A5}"
EndProject
Project("{9A19103F-16F7-4668-BE54-9A1E7A4F7556}") = "Services.Order.Core.Domain", "Services\Order\Core\AkademiPlusMicroservice.Services.Order.Core.Domain\Services.Order.Core.Domain.csproj", "{3E4864A6-95CD-4CEA-8065-F36245C5A9C8}"
EndProject
Project("{9A19103F-16F7-4668-BE54-9A1E7A4F7556}") = "Services.Order.Infrastructure.Persistance", "Services\Order\Infrastructure\AkademiPlusMicroservice.Services.Order.Infrastructure.Persistance\Services.Order.Infrastructure.Persistance.csproj", "{51B559AB-E3B8-4DE6-9D20-6795D974E950}"
EndProject
Project("{9A19103F-16F7-4668-BE54-9A1E7A4F7556}") = "Services.Order.Presentation.Api", "Services\Order\Presentation\AkademiPlusMicroservice.Services.Order.Presentation.Api\Services.Order.Presentation.Api.csproj", "{CDA8F5C6-8C21-4DEB-92A1-B5DBE78103AA}"
EndProject
Project("{2150E333-8FDC-42A3-9474-1A3956D46DE8}") = "Cargo", "Cargo", "{56490212-D538-42EC-81CE-9C3588A7CA18}"
EndProject
Project("{FAE04EC0-301F-11D3-BF4B-00C04F79EFBC}") = "AkademiPlusMicroservice.EntityLayer", "Services\Cargo\AkademiPlusMicroservice.EntityLayer\AkademiPlusMicroservice.EntityLayer.csproj", "{FA156923-B67C-4A91-B3DA-F7E0A41267CA}"
EndProject
Project("{FAE04EC0-301F-11D3-BF4B-00C04F79EFBC}") = "AkademiPlusMicroservice.Bussiness", "Services\Cargo\AkademiPlusMicroservice.Bussiness\AkademiPlusMicroservice.Bussiness.csproj", "{DDACF905-145B-4D8A-B051-1529DB4978DC}"
EndProject
Project("{FAE04EC0-301F-11D3-BF4B-00C04F79EFBC}") = "AkademiPlusMicroservice.DataAccessLayer", "Services\Cargo\AkademiPlusMicroservice.DataAccessLayer\AkademiPlusMicroservice.DataAccessLayer.csproj", "{404721F4-2710-486C-B815-3B851449AABC}"
EndProject
Project("{FAE04EC0-301F-11D3-BF4B-00C04F79EFBC}") = "AkademiPlusMicroservice.Presentation", "Services\Cargo\AkademiPlusMicroservice.Presentation\AkademiPlusMicroservice.Presentation.csproj", "{9DD84418-5201-4BEC-97A5-DF8BAC00690D}"
EndProject
Global
	GlobalSection(SolutionConfigurationPlatforms) = preSolution
		Debug|Any CPU = Debug|Any CPU
		Release|Any CPU = Release|Any CPU
	EndGlobalSection
	GlobalSection(ProjectConfigurationPlatforms) = postSolution
		{75232AF7-99D1-48D1-8693-3C7F07853569}.Debug|Any CPU.ActiveCfg = Debug|Any CPU
		{75232AF7-99D1-48D1-8693-3C7F07853569}.Debug|Any CPU.Build.0 = Debug|Any CPU
		{75232AF7-99D1-48D1-8693-3C7F07853569}.Release|Any CPU.ActiveCfg = Release|Any CPU
		{75232AF7-99D1-48D1-8693-3C7F07853569}.Release|Any CPU.Build.0 = Release|Any CPU
		{A00FDA55-6FA0-4881-9061-57594B305CF3}.Debug|Any CPU.ActiveCfg = Debug|Any CPU
		{A00FDA55-6FA0-4881-9061-57594B305CF3}.Debug|Any CPU.Build.0 = Debug|Any CPU
		{A00FDA55-6FA0-4881-9061-57594B305CF3}.Release|Any CPU.ActiveCfg = Release|Any CPU
		{A00FDA55-6FA0-4881-9061-57594B305CF3}.Release|Any CPU.Build.0 = Release|Any CPU
		{5607D717-E490-43CD-BB85-23C98207AEE1}.Debug|Any CPU.ActiveCfg = Debug|Any CPU
		{5607D717-E490-43CD-BB85-23C98207AEE1}.Debug|Any CPU.Build.0 = Debug|Any CPU
		{5607D717-E490-43CD-BB85-23C98207AEE1}.Release|Any CPU.ActiveCfg = Release|Any CPU
		{5607D717-E490-43CD-BB85-23C98207AEE1}.Release|Any CPU.Build.0 = Release|Any CPU
		{4F145E7A-E69F-42A6-9BAA-E2880045F3F2}.Debug|Any CPU.ActiveCfg = Debug|Any CPU
		{4F145E7A-E69F-42A6-9BAA-E2880045F3F2}.Debug|Any CPU.Build.0 = Debug|Any CPU
		{4F145E7A-E69F-42A6-9BAA-E2880045F3F2}.Release|Any CPU.ActiveCfg = Release|Any CPU
		{4F145E7A-E69F-42A6-9BAA-E2880045F3F2}.Release|Any CPU.Build.0 = Release|Any CPU
		{2D44EFA9-D84B-4AAF-8F59-80253AAA56DD}.Debug|Any CPU.ActiveCfg = Debug|Any CPU
		{2D44EFA9-D84B-4AAF-8F59-80253AAA56DD}.Debug|Any CPU.Build.0 = Debug|Any CPU
		{2D44EFA9-D84B-4AAF-8F59-80253AAA56DD}.Release|Any CPU.ActiveCfg = Release|Any CPU
		{2D44EFA9-D84B-4AAF-8F59-80253AAA56DD}.Release|Any CPU.Build.0 = Release|Any CPU
		{FC69BC7D-E00A-46B2-BABC-7BFB398B26A5}.Debug|Any CPU.ActiveCfg = Debug|Any CPU
		{FC69BC7D-E00A-46B2-BABC-7BFB398B26A5}.Debug|Any CPU.Build.0 = Debug|Any CPU
		{FC69BC7D-E00A-46B2-BABC-7BFB398B26A5}.Release|Any CPU.ActiveCfg = Release|Any CPU
		{FC69BC7D-E00A-46B2-BABC-7BFB398B26A5}.Release|Any CPU.Build.0 = Release|Any CPU
		{3E4864A6-95CD-4CEA-8065-F36245C5A9C8}.Debug|Any CPU.ActiveCfg = Debug|Any CPU
		{3E4864A6-95CD-4CEA-8065-F36245C5A9C8}.Debug|Any CPU.Build.0 = Debug|Any CPU
		{3E4864A6-95CD-4CEA-8065-F36245C5A9C8}.Release|Any CPU.ActiveCfg = Release|Any CPU
		{3E4864A6-95CD-4CEA-8065-F36245C5A9C8}.Release|Any CPU.Build.0 = Release|Any CPU
		{51B559AB-E3B8-4DE6-9D20-6795D974E950}.Debug|Any CPU.ActiveCfg = Debug|Any CPU
		{51B559AB-E3B8-4DE6-9D20-6795D974E950}.Debug|Any CPU.Build.0 = Debug|Any CPU
		{51B559AB-E3B8-4DE6-9D20-6795D974E950}.Release|Any CPU.ActiveCfg = Release|Any CPU
		{51B559AB-E3B8-4DE6-9D20-6795D974E950}.Release|Any CPU.Build.0 = Release|Any CPU
		{CDA8F5C6-8C21-4DEB-92A1-B5DBE78103AA}.Debug|Any CPU.ActiveCfg = Debug|Any CPU
		{CDA8F5C6-8C21-4DEB-92A1-B5DBE78103AA}.Debug|Any CPU.Build.0 = Debug|Any CPU
		{CDA8F5C6-8C21-4DEB-92A1-B5DBE78103AA}.Release|Any CPU.ActiveCfg = Release|Any CPU
		{CDA8F5C6-8C21-4DEB-92A1-B5DBE78103AA}.Release|Any CPU.Build.0 = Release|Any CPU
		{FA156923-B67C-4A91-B3DA-F7E0A41267CA}.Debug|Any CPU.ActiveCfg = Debug|Any CPU
		{FA156923-B67C-4A91-B3DA-F7E0A41267CA}.Debug|Any CPU.Build.0 = Debug|Any CPU
		{FA156923-B67C-4A91-B3DA-F7E0A41267CA}.Release|Any CPU.ActiveCfg = Release|Any CPU
		{FA156923-B67C-4A91-B3DA-F7E0A41267CA}.Release|Any CPU.Build.0 = Release|Any CPU
		{DDACF905-145B-4D8A-B051-1529DB4978DC}.Debug|Any CPU.ActiveCfg = Debug|Any CPU
		{DDACF905-145B-4D8A-B051-1529DB4978DC}.Debug|Any CPU.Build.0 = Debug|Any CPU
		{DDACF905-145B-4D8A-B051-1529DB4978DC}.Release|Any CPU.ActiveCfg = Release|Any CPU
		{DDACF905-145B-4D8A-B051-1529DB4978DC}.Release|Any CPU.Build.0 = Release|Any CPU
		{404721F4-2710-486C-B815-3B851449AABC}.Debug|Any CPU.ActiveCfg = Debug|Any CPU
		{404721F4-2710-486C-B815-3B851449AABC}.Debug|Any CPU.Build.0 = Debug|Any CPU
		{404721F4-2710-486C-B815-3B851449AABC}.Release|Any CPU.ActiveCfg = Release|Any CPU
		{404721F4-2710-486C-B815-3B851449AABC}.Release|Any CPU.Build.0 = Release|Any CPU
		{9DD84418-5201-4BEC-97A5-DF8BAC00690D}.Debug|Any CPU.ActiveCfg = Debug|Any CPU
		{9DD84418-5201-4BEC-97A5-DF8BAC00690D}.Debug|Any CPU.Build.0 = Debug|Any CPU
		{9DD84418-5201-4BEC-97A5-DF8BAC00690D}.Release|Any CPU.ActiveCfg = Release|Any CPU
		{9DD84418-5201-4BEC-97A5-DF8BAC00690D}.Release|Any CPU.Build.0 = Release|Any CPU
	EndGlobalSection
	GlobalSection(SolutionProperties) = preSolution
		HideSolutionNode = FALSE
	EndGlobalSection
	GlobalSection(NestedProjects) = preSolution
		{DDDDC24D-80B4-4F2B-ABA6-DA27452A498E} = {FE2C46A2-934D-4688-8397-01F1BEE487B6}
		{75232AF7-99D1-48D1-8693-3C7F07853569} = {DDDDC24D-80B4-4F2B-ABA6-DA27452A498E}
		{A00FDA55-6FA0-4881-9061-57594B305CF3} = {DC522298-01F4-49D6-ACB2-E5FEECA4BF1D}
		{5607D717-E490-43CD-BB85-23C98207AEE1} = {EE126274-BF38-43DA-9CEA-6B860E1DB319}
		{9EEC9059-1AD6-433E-95CC-8699E60BEC4F} = {FE2C46A2-934D-4688-8397-01F1BEE487B6}
		{4F145E7A-E69F-42A6-9BAA-E2880045F3F2} = {9EEC9059-1AD6-433E-95CC-8699E60BEC4F}
		{7EE29D26-62AA-440D-84B1-41E4C93E6F37} = {FE2C46A2-934D-4688-8397-01F1BEE487B6}
		{2D44EFA9-D84B-4AAF-8F59-80253AAA56DD} = {7EE29D26-62AA-440D-84B1-41E4C93E6F37}
		{08B2C8F2-BFCD-4030-A503-7CE161E5E480} = {FE2C46A2-934D-4688-8397-01F1BEE487B6}
		{F9E747D0-8B44-4B04-8502-D3497218EEF6} = {08B2C8F2-BFCD-4030-A503-7CE161E5E480}
		{58F37155-3314-4F15-BAAD-88B4F93024F4} = {08B2C8F2-BFCD-4030-A503-7CE161E5E480}
		{77C842DD-9F17-49A4-9574-18ACEB010DB1} = {08B2C8F2-BFCD-4030-A503-7CE161E5E480}
		{FC69BC7D-E00A-46B2-BABC-7BFB398B26A5} = {F9E747D0-8B44-4B04-8502-D3497218EEF6}
		{3E4864A6-95CD-4CEA-8065-F36245C5A9C8} = {F9E747D0-8B44-4B04-8502-D3497218EEF6}
		{51B559AB-E3B8-4DE6-9D20-6795D974E950} = {77C842DD-9F17-49A4-9574-18ACEB010DB1}
		{CDA8F5C6-8C21-4DEB-92A1-B5DBE78103AA} = {58F37155-3314-4F15-BAAD-88B4F93024F4}
		{56490212-D538-42EC-81CE-9C3588A7CA18} = {FE2C46A2-934D-4688-8397-01F1BEE487B6}
		{FA156923-B67C-4A91-B3DA-F7E0A41267CA} = {56490212-D538-42EC-81CE-9C3588A7CA18}
		{DDACF905-145B-4D8A-B051-1529DB4978DC} = {56490212-D538-42EC-81CE-9C3588A7CA18}
		{404721F4-2710-486C-B815-3B851449AABC} = {56490212-D538-42EC-81CE-9C3588A7CA18}
		{9DD84418-5201-4BEC-97A5-DF8BAC00690D} = {56490212-D538-42EC-81CE-9C3588A7CA18}
	EndGlobalSection
	GlobalSection(ExtensibilityGlobals) = postSolution
		SolutionGuid = {94096EBC-4633-47F3-A71A-008D89814A8F}
	EndGlobalSection
EndGlobal
