
Microsoft Visual Studio Solution File, Format Version 12.00
# Visual Studio Version 17
VisualStudioVersion = 17.5.33627.172
MinimumVisualStudioVersion = 10.0.40219.1
Project("{2150E333-8FDC-42A3-9474-1A3956D46DE8}") = "Services", "Services", "{FE2C46A2-934D-4688-8397-01F1BEE487B6}"
EndProject
Project("{2150E333-8FDC-42A3-9474-1A3956D46DE8}") = "Catalog", "Catalog", "{DDDDC24D-80B4-4F2B-ABA6-DA27452A498E}"
EndProject
Project("{FAE04EC0-301F-11D3-BF4B-00C04F79EFBC}") = "AkademiPlusMicroservice.Catalog", "Services\Catalog\AkademiPlusMicroservice.Catalog\AkademiPlusMicroservice.Catalog.csproj", "{75232AF7-99D1-48D1-8693-3C7F07853569}"
EndProject
Project("{2150E333-8FDC-42A3-9474-1A3956D46DE8}") = "Shared", "Shared", "{DC522298-01F4-49D6-ACB2-E5FEECA4BF1D}"
EndProject
Project("{FAE04EC0-301F-11D3-BF4B-00C04F79EFBC}") = "AkademiPlusMicroservice.Shared", "Shared\AkademiPlusMicroservice.Shared\AkademiPlusMicroservice.Shared.csproj", "{A00FDA55-6FA0-4881-9061-57594B305CF3}"
EndProject
Global
	GlobalSection(SolutionConfigurationPlatforms) = preSolution
		Debug|Any CPU = Debug|Any CPU
		Release|Any CPU = Release|Any CPU
	EndGlobalSection
	GlobalSection(ProjectConfigurationPlatforms) = postSolution
		{75232AF7-99D1-48D1-8693-3C7F07853569}.Debug|Any CPU.ActiveCfg = Debug|Any CPU
		{75232AF7-99D1-48D1-8693-3C7F07853569}.Debug|Any CPU.Build.0 = Debug|Any CPU
		{75232AF7-99D1-48D1-8693-3C7F07853569}.Release|Any CPU.ActiveCfg = Release|Any CPU
		{75232AF7-99D1-48D1-8693-3C7F07853569}.Release|Any CPU.Build.0 = Release|Any CPU
		{A00FDA55-6FA0-4881-9061-57594B305CF3}.Debug|Any CPU.ActiveCfg = Debug|Any CPU
		{A00FDA55-6FA0-4881-9061-57594B305CF3}.Debug|Any CPU.Build.0 = Debug|Any CPU
		{A00FDA55-6FA0-4881-9061-57594B305CF3}.Release|Any CPU.ActiveCfg = Release|Any CPU
		{A00FDA55-6FA0-4881-9061-57594B305CF3}.Release|Any CPU.Build.0 = Release|Any CPU
	EndGlobalSection
	GlobalSection(SolutionProperties) = preSolution
		HideSolutionNode = FALSE
	EndGlobalSection
	GlobalSection(NestedProjects) = preSolution
		{DDDDC24D-80B4-4F2B-ABA6-DA27452A498E} = {FE2C46A2-934D-4688-8397-01F1BEE487B6}
		{75232AF7-99D1-48D1-8693-3C7F07853569} = {DDDDC24D-80B4-4F2B-ABA6-DA27452A498E}
		{A00FDA55-6FA0-4881-9061-57594B305CF3} = {DC522298-01F4-49D6-ACB2-E5FEECA4BF1D}
	EndGlobalSection
	GlobalSection(ExtensibilityGlobals) = postSolution
		SolutionGuid = {94096EBC-4633-47F3-A71A-008D89814A8F}
	EndGlobalSection
EndGlobal
